
Microsoft Visual Studio Solution File, Format Version 12.00
# Visual Studio Version 17
VisualStudioVersion = 17.14.36705.20 d17.14
MinimumVisualStudioVersion = 10.0.40219.1
Project("{FAE04EC0-301F-11D3-BF4B-00C04F79EFBC}") = "WebApi", "WebApi.csproj", "{7151F432-D4B8-4702-AC41-4C17B87450DB}"
EndProject
Global
	GlobalSection(SolutionConfigurationPlatforms) = preSolution
		Debug|Any CPU = Debug|Any CPU
		Release|Any CPU = Release|Any CPU
	EndGlobalSection
	GlobalSection(ProjectConfigurationPlatforms) = postSolution
		{7151F432-D4B8-4702-AC41-4C17B87450DB}.Debug|Any CPU.ActiveCfg = Debug|Any CPU
		{7151F432-D4B8-4702-AC41-4C17B87450DB}.Debug|Any CPU.Build.0 = Debug|Any CPU
		{7151F432-D4B8-4702-AC41-4C17B87450DB}.Release|Any CPU.ActiveCfg = Release|Any CPU
		{7151F432-D4B8-4702-AC41-4C17B87450DB}.Release|Any CPU.Build.0 = Release|Any CPU
	EndGlobalSection
	GlobalSection(SolutionProperties) = preSolution
		HideSolutionNode = FALSE
	EndGlobalSection
	GlobalSection(ExtensibilityGlobals) = postSolution
		SolutionGuid = {CBE156B9-534C-4C90-B74B-6FF1C7EFEB1C}
	EndGlobalSection
EndGlobal
